
Microsoft Visual Studio Solution File, Format Version 12.00
# Visual Studio Version 17
VisualStudioVersion = 17.7.34031.279
MinimumVisualStudioVersion = 10.0.40219.1
Project("{F184B08F-C81C-45F6-A57F-5ABD9991F28F}") = "10. BMI calculator", "10. BMI calculator\10. BMI calculator.vbproj", "{E3C1832F-E8F4-4415-B54C-F1F4543ECC4C}"
EndProject
Global
	GlobalSection(SolutionConfigurationPlatforms) = preSolution
		Debug|Any CPU = Debug|Any CPU
		Release|Any CPU = Release|Any CPU
	EndGlobalSection
	GlobalSection(ProjectConfigurationPlatforms) = postSolution
		{E3C1832F-E8F4-4415-B54C-F1F4543ECC4C}.Debug|Any CPU.ActiveCfg = Debug|Any CPU
		{E3C1832F-E8F4-4415-B54C-F1F4543ECC4C}.Debug|Any CPU.Build.0 = Debug|Any CPU
		{E3C1832F-E8F4-4415-B54C-F1F4543ECC4C}.Release|Any CPU.ActiveCfg = Release|Any CPU
		{E3C1832F-E8F4-4415-B54C-F1F4543ECC4C}.Release|Any CPU.Build.0 = Release|Any CPU
	EndGlobalSection
	GlobalSection(SolutionProperties) = preSolution
		HideSolutionNode = FALSE
	EndGlobalSection
	GlobalSection(ExtensibilityGlobals) = postSolution
		SolutionGuid = {ED8F548B-7888-427D-86F1-CBF54FC5A86A}
	EndGlobalSection
EndGlobal
